
Microsoft Visual Studio Solution File, Format Version 12.00
# Visual Studio 15
VisualStudioVersion = 15.0.26430.14
MinimumVisualStudioVersion = 10.0.40219.1
Project("{8BC9CEB8-8B4A-11D0-8D11-00A0C91BC942}") = "Danghui", "Danghui.vcxproj", "{11F14CE0-AB6B-4D63-9EB9-B8D4C4E897CA}"
EndProject
Global
	GlobalSection(SolutionConfigurationPlatforms) = preSolution
		Debug|x64 = Debug|x64
		Debug|x86 = Debug|x86
		Release|x64 = Release|x64
		Release|x86 = Release|x86
	EndGlobalSection
	GlobalSection(ProjectConfigurationPlatforms) = postSolution
		{11F14CE0-AB6B-4D63-9EB9-B8D4C4E897CA}.Debug|x64.ActiveCfg = Debug|x64
		{11F14CE0-AB6B-4D63-9EB9-B8D4C4E897CA}.Debug|x64.Build.0 = Debug|x64
		{11F14CE0-AB6B-4D63-9EB9-B8D4C4E897CA}.Debug|x86.ActiveCfg = Debug|Win32
		{11F14CE0-AB6B-4D63-9EB9-B8D4C4E897CA}.Debug|x86.Build.0 = Debug|Win32
		{11F14CE0-AB6B-4D63-9EB9-B8D4C4E897CA}.Release|x64.ActiveCfg = Release|x64
		{11F14CE0-AB6B-4D63-9EB9-B8D4C4E897CA}.Release|x64.Build.0 = Release|x64
		{11F14CE0-AB6B-4D63-9EB9-B8D4C4E897CA}.Release|x86.ActiveCfg = Release|Win32
		{11F14CE0-AB6B-4D63-9EB9-B8D4C4E897CA}.Release|x86.Build.0 = Release|Win32
	EndGlobalSection
	GlobalSection(SolutionProperties) = preSolution
		HideSolutionNode = FALSE
	EndGlobalSection
EndGlobal
